
Microsoft Visual Studio Solution File, Format Version 12.00
# Visual Studio Version 16
VisualStudioVersion = 16.0.30907.101
MinimumVisualStudioVersion = 10.0.40219.1
Project("{FAE04EC0-301F-11D3-BF4B-00C04F79EFBC}") = "gitbranching", "gitbranching\gitbranching.csproj", "{D49280E2-5680-4017-9D9F-A18F40CE8BBE}"
EndProject
Global
	GlobalSection(SolutionConfigurationPlatforms) = preSolution
		Debug|Any CPU = Debug|Any CPU
		Release|Any CPU = Release|Any CPU
	EndGlobalSection
	GlobalSection(ProjectConfigurationPlatforms) = postSolution
		{D49280E2-5680-4017-9D9F-A18F40CE8BBE}.Debug|Any CPU.ActiveCfg = Debug|Any CPU
		{D49280E2-5680-4017-9D9F-A18F40CE8BBE}.Debug|Any CPU.Build.0 = Debug|Any CPU
		{D49280E2-5680-4017-9D9F-A18F40CE8BBE}.Release|Any CPU.ActiveCfg = Release|Any CPU
		{D49280E2-5680-4017-9D9F-A18F40CE8BBE}.Release|Any CPU.Build.0 = Release|Any CPU
	EndGlobalSection
	GlobalSection(SolutionProperties) = preSolution
		HideSolutionNode = FALSE
	EndGlobalSection
	GlobalSection(ExtensibilityGlobals) = postSolution
		SolutionGuid = {072CF92B-3F87-4B94-BDFF-1E5B4DFF6074}
	EndGlobalSection
EndGlobal
